
Microsoft Visual Studio Solution File, Format Version 12.00
# Visual Studio 15
VisualStudioVersion = 15.0.28307.645
MinimumVisualStudioVersion = 10.0.40219.1
Project("{FAE04EC0-301F-11D3-BF4B-00C04F79EFBC}") = "Exame.Dominio", "src\Exame.Dominio\Exame.Dominio.csproj", "{AEF5ADE8-7669-4E9F-A50B-93CE5F10D31E}"
EndProject
Global
	GlobalSection(SolutionConfigurationPlatforms) = preSolution
		Debug|Any CPU = Debug|Any CPU
		Release|Any CPU = Release|Any CPU
	EndGlobalSection
	GlobalSection(ProjectConfigurationPlatforms) = postSolution
		{AEF5ADE8-7669-4E9F-A50B-93CE5F10D31E}.Debug|Any CPU.ActiveCfg = Debug|Any CPU
		{AEF5ADE8-7669-4E9F-A50B-93CE5F10D31E}.Debug|Any CPU.Build.0 = Debug|Any CPU
		{AEF5ADE8-7669-4E9F-A50B-93CE5F10D31E}.Release|Any CPU.ActiveCfg = Release|Any CPU
		{AEF5ADE8-7669-4E9F-A50B-93CE5F10D31E}.Release|Any CPU.Build.0 = Release|Any CPU
	EndGlobalSection
	GlobalSection(SolutionProperties) = preSolution
		HideSolutionNode = FALSE
	EndGlobalSection
	GlobalSection(ExtensibilityGlobals) = postSolution
		SolutionGuid = {047347D6-B897-4AE1-ACC2-CB777C6FD5B9}
	EndGlobalSection
EndGlobal
