
Microsoft Visual Studio Solution File, Format Version 12.00
# Visual Studio 15
VisualStudioVersion = 15.0.28307.645
MinimumVisualStudioVersion = 10.0.40219.1
Project("{9A19103F-16F7-4668-BE54-9A1E7A4F7556}") = "Exame.DominioTeste", "test\Exame.DominioTeste\Exame.DominioTeste.csproj", "{E32FE03F-91C4-421E-9488-8E68CC43E712}"
EndProject
Project("{FAE04EC0-301F-11D3-BF4B-00C04F79EFBC}") = "Exame.Dominio", "src\Exame.Dominio\Exame.Dominio.csproj", "{73CF6645-A86A-4CA2-9597-8A0099FC7CAC}"
EndProject
Project("{FAE04EC0-301F-11D3-BF4B-00C04F79EFBC}") = "Exame.Infra", "src\Exame.Infra\Exame.Infra.csproj", "{EE3862F9-CDBE-4D19-AD32-D0A3DA518030}"
EndProject
Project("{FAE04EC0-301F-11D3-BF4B-00C04F79EFBC}") = "Exame.IoC", "src\Exame.IoC\Exame.IoC.csproj", "{37297577-3C12-4A26-84FC-799EFBFD241E}"
EndProject
Project("{FAE04EC0-301F-11D3-BF4B-00C04F79EFBC}") = "Exame.AppConsole", "src\Exame.AppConsole\Exame.AppConsole.csproj", "{88A300C6-EE3F-4E67-8EC8-2516D98088A3}"
EndProject
Global
	GlobalSection(SolutionConfigurationPlatforms) = preSolution
		Debug|Any CPU = Debug|Any CPU
		Release|Any CPU = Release|Any CPU
	EndGlobalSection
	GlobalSection(ProjectConfigurationPlatforms) = postSolution
		{E32FE03F-91C4-421E-9488-8E68CC43E712}.Debug|Any CPU.ActiveCfg = Debug|Any CPU
		{E32FE03F-91C4-421E-9488-8E68CC43E712}.Debug|Any CPU.Build.0 = Debug|Any CPU
		{E32FE03F-91C4-421E-9488-8E68CC43E712}.Release|Any CPU.ActiveCfg = Release|Any CPU
		{E32FE03F-91C4-421E-9488-8E68CC43E712}.Release|Any CPU.Build.0 = Release|Any CPU
		{73CF6645-A86A-4CA2-9597-8A0099FC7CAC}.Debug|Any CPU.ActiveCfg = Debug|Any CPU
		{73CF6645-A86A-4CA2-9597-8A0099FC7CAC}.Debug|Any CPU.Build.0 = Debug|Any CPU
		{73CF6645-A86A-4CA2-9597-8A0099FC7CAC}.Release|Any CPU.ActiveCfg = Release|Any CPU
		{73CF6645-A86A-4CA2-9597-8A0099FC7CAC}.Release|Any CPU.Build.0 = Release|Any CPU
		{EE3862F9-CDBE-4D19-AD32-D0A3DA518030}.Debug|Any CPU.ActiveCfg = Debug|Any CPU
		{EE3862F9-CDBE-4D19-AD32-D0A3DA518030}.Debug|Any CPU.Build.0 = Debug|Any CPU
		{EE3862F9-CDBE-4D19-AD32-D0A3DA518030}.Release|Any CPU.ActiveCfg = Release|Any CPU
		{EE3862F9-CDBE-4D19-AD32-D0A3DA518030}.Release|Any CPU.Build.0 = Release|Any CPU
		{37297577-3C12-4A26-84FC-799EFBFD241E}.Debug|Any CPU.ActiveCfg = Debug|Any CPU
		{37297577-3C12-4A26-84FC-799EFBFD241E}.Debug|Any CPU.Build.0 = Debug|Any CPU
		{37297577-3C12-4A26-84FC-799EFBFD241E}.Release|Any CPU.ActiveCfg = Release|Any CPU
		{37297577-3C12-4A26-84FC-799EFBFD241E}.Release|Any CPU.Build.0 = Release|Any CPU
		{88A300C6-EE3F-4E67-8EC8-2516D98088A3}.Debug|Any CPU.ActiveCfg = Debug|Any CPU
		{88A300C6-EE3F-4E67-8EC8-2516D98088A3}.Debug|Any CPU.Build.0 = Debug|Any CPU
		{88A300C6-EE3F-4E67-8EC8-2516D98088A3}.Release|Any CPU.ActiveCfg = Release|Any CPU
		{88A300C6-EE3F-4E67-8EC8-2516D98088A3}.Release|Any CPU.Build.0 = Release|Any CPU
	EndGlobalSection
	GlobalSection(SolutionProperties) = preSolution
		HideSolutionNode = FALSE
	EndGlobalSection
	GlobalSection(ExtensibilityGlobals) = postSolution
		SolutionGuid = {047347D6-B897-4AE1-ACC2-CB777C6FD5B9}
	EndGlobalSection
EndGlobal
