
Microsoft Visual Studio Solution File, Format Version 12.00
# Visual Studio 15
VisualStudioVersion = 15.0.28307.645
MinimumVisualStudioVersion = 10.0.40219.1
Project("{FAE04EC0-301F-11D3-BF4B-00C04F79EFBC}") = "Exame.Web", "Exame.Web\Exame.Web.csproj", "{129B6DFF-DEA1-4FB5-9A14-EA9B3C22366E}"
EndProject
Global
	GlobalSection(SolutionConfigurationPlatforms) = preSolution
		Debug|Any CPU = Debug|Any CPU
		Release|Any CPU = Release|Any CPU
	EndGlobalSection
	GlobalSection(ProjectConfigurationPlatforms) = postSolution
		{129B6DFF-DEA1-4FB5-9A14-EA9B3C22366E}.Debug|Any CPU.ActiveCfg = Debug|Any CPU
		{129B6DFF-DEA1-4FB5-9A14-EA9B3C22366E}.Debug|Any CPU.Build.0 = Debug|Any CPU
		{129B6DFF-DEA1-4FB5-9A14-EA9B3C22366E}.Release|Any CPU.ActiveCfg = Release|Any CPU
		{129B6DFF-DEA1-4FB5-9A14-EA9B3C22366E}.Release|Any CPU.Build.0 = Release|Any CPU
	EndGlobalSection
	GlobalSection(SolutionProperties) = preSolution
		HideSolutionNode = FALSE
	EndGlobalSection
	GlobalSection(ExtensibilityGlobals) = postSolution
		SolutionGuid = {D412EF12-612F-4CB8-90AF-166422E02619}
	EndGlobalSection
EndGlobal
